<?xml version="1.0" encoding="utf-8"?>
<Project ToolsVersion="4.0" xmlns="http://schemas.microsoft.com/developer/msbuild/2003">
  <ItemGroup>
    <Filter Include="Source Files">
      <UniqueIdentifier>{4FC737F1-C7A5-4376-A066-2A32D752A2FF}</UniqueIdentifier>
      <Extensions>cpp;c;cc;cxx;c++;cppm;ixx;def;odl;idl;hpj;bat;asm;asmx</Extensions>
    </Filter>
    <Filter Include="Header Files">
      <UniqueIdentifier>{93995380-89BD-4b04-88EB-625FBE52EBFB}</UniqueIdentifier>
      <Extensions>h;hh;hpp;hxx;h++;hm;inl;inc;ipp;xsd</Extensions>
    </Filter>
    <Filter Include="Resource Files">
      <UniqueIdentifier>{67DA6AB6-F800-4c08-8B7A-83BB121AAD01}</UniqueIdentifier>
      <Extensions>rc;ico;cur;bmp;dlg;rc2;rct;bin;rgs;gif;jpg;jpeg;jpe;resx;tiff;tif;png;wav;mfcribbon-ms</Extensions>
    </Filter>
  </ItemGroup>
  <ItemGroup>
    <ClCompile Include="..\Src\main.c">
      <Filter>Source Files</Filter>
    </ClCompile>
    <ClCompile Include="..\Src\game.c">
      <Filter>Source Files</Filter>
    </ClCompile>
    <ClCompile Include="..\Src\mainmenu.c">
      <Filter>Source Files</Filter>
    </ClCompile>
    <ClCompile Include="..\Src\utils.c">
      <Filter>Source Files</Filter>
    </ClCompile>
    <ClCompile Include="..\Src\player.c">
      <Filter>Source Files</Filter>
    </ClCompile>
    <ClCompile Include="..\Src\mobs.c">
      <Filter>Source Files</Filter>
    </ClCompile>
    <ClCompile Include="..\Src\projectiles.c">
      <Filter>Source Files</Filter>
    </ClCompile>
    <ClCompile Include="..\Src\boss.c">
      <Filter>Source Files</Filter>
    </ClCompile>
    <ClCompile Include="..\Src\gametypes.c">
      <Filter>Source Files</Filter>
    </ClCompile>
    <ClCompile Include="..\Src\camera.c">
      <Filter>Source Files</Filter>
    </ClCompile>
    <ClCompile Include="..\Src\particle.c">
      <Filter>Source Files</Filter>
    </ClCompile>
  </ItemGroup>
  <ItemGroup>
    <ClInclude Include="..\Inc\game.h">
      <Filter>Source Files</Filter>
    </ClInclude>
    <ClInclude Include="..\Inc\utils.h">
      <Filter>Source Files</Filter>
    </ClInclude>
    <ClInclude Include="..\Inc\player.h">
      <Filter>Source Files</Filter>
    </ClInclude>
    <ClInclude Include="..\Inc\boss.h">
      <Filter>Source Files</Filter>
    </ClInclude>
    <ClInclude Include="..\Inc\mobs.h">
      <Filter>Source Files</Filter>
    </ClInclude>
    <ClInclude Include="..\Inc\projectiles.h">
      <Filter>Source Files</Filter>
    </ClInclude>
    <ClInclude Include="..\Inc\gametypes.h">
      <Filter>Source Files</Filter>
    </ClInclude>
    <ClInclude Include="..\Inc\gamestates.h">
      <Filter>Source Files</Filter>
    </ClInclude>
    <ClInclude Include="..\Inc\camera.h">
      <Filter>Source Files</Filter>
    </ClInclude>
    <ClInclude Include="..\Inc\easing.h">
      <Filter>Source Files</Filter>
    </ClInclude>
    <ClInclude Include="..\Inc\particle.h">
      <Filter>Header Files</Filter>
    </ClInclude>
  </ItemGroup>
  <ItemGroup>
    <Text Include="..\Assets\maps.txt">
      <Filter>Resource Files</Filter>
    </Text>
    <Text Include="..\Assets\NextRoom.txt">
      <Filter>Resource Files</Filter>
    </Text>
    <Text Include="..\Assets\Room_Wall.txt">
      <Filter>Resource Files</Filter>
    </Text>
  </ItemGroup>
  <ItemGroup>
    <Image Include="..\Assets\EXIT.png">
      <Filter>Resource Files</Filter>
    </Image>
    <Image Include="..\Assets\HOWTOPLAY.png">
      <Filter>Resource Files</Filter>
    </Image>
    <Image Include="..\Assets\main.png">
      <Filter>Resource Files</Filter>
    </Image>
    <Image Include="..\Assets\startbutton.png">
      <Filter>Resource Files</Filter>
    </Image>
    <Image Include="..\Assets\Title.png">
      <Filter>Resource Files</Filter>
    </Image>
    <Image Include="..\Assets\xBut.png">
      <Filter>Resource Files</Filter>
    </Image>
    <Image Include="..\Assets\Tiles\tile_0000.png">
      <Filter>Resource Files</Filter>
    </Image>
    <Image Include="..\Assets\Tiles\tile_0012.png">
      <Filter>Resource Files</Filter>
    </Image>
    <Image Include="..\Assets\Tiles\tile_0065.png">
      <Filter>Resource Files</Filter>
    </Image>
    <Image Include="..\Assets\Tiles\tile_0074.png">
      <Filter>Resource Files</Filter>
    </Image>
    <Image Include="..\Assets\Tiles\tile_0082.png">
      <Filter>Resource Files</Filter>
    </Image>
    <Image Include="..\Assets\Tiles\Boss\BossAtk1.png">
      <Filter>Resource Files</Filter>
    </Image>
    <Image Include="..\Assets\Tiles\Boss\BossAtk2.png">
      <Filter>Resource Files</Filter>
    </Image>
    <Image Include="..\Assets\Tiles\Boss\BossAtk3.png">
      <Filter>Resource Files</Filter>
    </Image>
    <Image Include="..\Assets\Tiles\Boss\BossRest.png">
      <Filter>Resource Files</Filter>
    </Image>
    <Image Include="..\Assets\Tiles\Player\player_idle1.png">
      <Filter>Resource Files</Filter>
    </Image>
    <Image Include="..\Assets\Tiles\Player\Player_walking1.png">
      <Filter>Resource Files</Filter>
    </Image>
    <Image Include="..\Assets\Tiles\Player\Player_walking2.png">
      <Filter>Resource Files</Filter>
    </Image>
    <Image Include="..\Assets\PlayerLife.png">
      <Filter>Resource Files</Filter>
    </Image>
    <Image Include="..\Assets\TUTS.png">
      <Filter>Resource Files</Filter>
    </Image>
    <Image Include="..\Assets\PauseMenu.png">
      <Filter>Resource Files</Filter>
    </Image>
    <Image Include="..\Assets\gameover.png">
      <Filter>Resource Files</Filter>
    </Image>
    <Image Include="..\Assets\BACKTOMENU.png">
      <Filter>Resource Files</Filter>
    </Image>
    <Image Include="..\Assets\Tiles\Floor1.png">
      <Filter>Resource Files</Filter>
    </Image>
    <Image Include="..\Assets\Tiles\Floor2.png">
      <Filter>Resource Files</Filter>
    </Image>
    <Image Include="..\Assets\Tiles\Wall1.png">
      <Filter>Resource Files</Filter>
    </Image>
    <Image Include="..\Assets\Tiles\Wall2.png">
      <Filter>Resource Files</Filter>
    </Image>
    <Image Include="..\Assets\Tiles\Wall3.png">
      <Filter>Resource Files</Filter>
    </Image>
  </ItemGroup>
  <ItemGroup>
    <Media Include="..\Assets\SFX\BGM1.wav">
      <Filter>Resource Files</Filter>
    </Media>
    <Media Include="..\Assets\SFX\Boss.wav">
      <Filter>Resource Files</Filter>
    </Media>
    <Media Include="..\Assets\SFX\Defeat.wav">
      <Filter>Resource Files</Filter>
    </Media>
    <Media Include="..\Assets\SFX\MainMenu.wav">
      <Filter>Resource Files</Filter>
    </Media>
    <Media Include="..\Assets\SFX\Comedy.wav">
      <Filter>Resource Files</Filter>
    </Media>
  </ItemGroup>
</Project>